
Microsoft Visual Studio Solution File, Format Version 12.00
# Visual Studio Version 16
VisualStudioVersion = 16.0.30413.136
MinimumVisualStudioVersion = 10.0.40219.1
Project("{FAE04EC0-301F-11D3-BF4B-00C04F79EFBC}") = "MagazijnProject", "MagazijnProject\MagazijnProject.csproj", "{2EEDC94A-D943-4928-ACF5-2E0D699B42BC}"
EndProject
Global
	GlobalSection(SolutionConfigurationPlatforms) = preSolution
		Debug|Any CPU = Debug|Any CPU
		Release|Any CPU = Release|Any CPU
	EndGlobalSection
	GlobalSection(ProjectConfigurationPlatforms) = postSolution
		{2EEDC94A-D943-4928-ACF5-2E0D699B42BC}.Debug|Any CPU.ActiveCfg = Debug|Any CPU
		{2EEDC94A-D943-4928-ACF5-2E0D699B42BC}.Debug|Any CPU.Build.0 = Debug|Any CPU
		{2EEDC94A-D943-4928-ACF5-2E0D699B42BC}.Release|Any CPU.ActiveCfg = Release|Any CPU
		{2EEDC94A-D943-4928-ACF5-2E0D699B42BC}.Release|Any CPU.Build.0 = Release|Any CPU
	EndGlobalSection
	GlobalSection(SolutionProperties) = preSolution
		HideSolutionNode = FALSE
	EndGlobalSection
	GlobalSection(ExtensibilityGlobals) = postSolution
		SolutionGuid = {4779119E-3204-4EE5-A101-FCCB744F205B}
	EndGlobalSection
EndGlobal
